// !$*UTF8*$!
{
	archiveVersion = 1;
	classes = {
	};
	objectVersion = 50;
	objects = {

/* Begin PBXBuildFile section */
		4BFC97F46FAC99961D222EBA /* Pods_Open_Weather.framework in Frameworks */ = {isa = PBXBuildFile; fileRef = F549C289E249C498311F0B5B /* Pods_Open_Weather.framework */; };
		B41E18F9253627AB00B64D93 /* AppDelegate.swift in Sources */ = {isa = PBXBuildFile; fileRef = B41E18F8253627AB00B64D93 /* AppDelegate.swift */; };
		B41E18FB253627AB00B64D93 /* SceneDelegate.swift in Sources */ = {isa = PBXBuildFile; fileRef = B41E18FA253627AB00B64D93 /* SceneDelegate.swift */; };
		B41E18FD253627AB00B64D93 /* HomeViewController.swift in Sources */ = {isa = PBXBuildFile; fileRef = B41E18FC253627AB00B64D93 /* HomeViewController.swift */; };
		B41E1900253627AB00B64D93 /* Main.storyboard in Resources */ = {isa = PBXBuildFile; fileRef = B41E18FE253627AB00B64D93 /* Main.storyboard */; };
		B41E1902253627AE00B64D93 /* Assets.xcassets in Resources */ = {isa = PBXBuildFile; fileRef = B41E1901253627AE00B64D93 /* Assets.xcassets */; };
		B41E1905253627AE00B64D93 /* LaunchScreen.storyboard in Resources */ = {isa = PBXBuildFile; fileRef = B41E1903253627AE00B64D93 /* LaunchScreen.storyboard */; };
		B41E191225362AF900B64D93 /* WeatherData.swift in Sources */ = {isa = PBXBuildFile; fileRef = B41E191125362AF900B64D93 /* WeatherData.swift */; };
		B41E191525362B1F00B64D93 /* WeatherError.swift in Sources */ = {isa = PBXBuildFile; fileRef = B41E191425362B1F00B64D93 /* WeatherError.swift */; };
		B41E191825362B4B00B64D93 /* WeatherAPI.swift in Sources */ = {isa = PBXBuildFile; fileRef = B41E191725362B4B00B64D93 /* WeatherAPI.swift */; };
		B41E191B25362BD100B64D93 /* Parsable.swift in Sources */ = {isa = PBXBuildFile; fileRef = B41E191A25362BD100B64D93 /* Parsable.swift */; };
		B41E191E25362BFE00B64D93 /* WeatherManager.swift in Sources */ = {isa = PBXBuildFile; fileRef = B41E191D25362BFE00B64D93 /* WeatherManager.swift */; };
		B41E1924253632F300B64D93 /* WeatherManagerDelegate.swift in Sources */ = {isa = PBXBuildFile; fileRef = B41E1923253632F300B64D93 /* WeatherManagerDelegate.swift */; };
		B41E192925363E2A00B64D93 /* SearchBarExtension.swift in Sources */ = {isa = PBXBuildFile; fileRef = B41E192825363E2A00B64D93 /* SearchBarExtension.swift */; };
/* End PBXBuildFile section */

/* Begin PBXFileReference section */
		24F5602F27A90FF2EA52EB7C /* Pods-Open Weather.release.xcconfig */ = {isa = PBXFileReference; includeInIndex = 1; lastKnownFileType = text.xcconfig; name = "Pods-Open Weather.release.xcconfig"; path = "Target Support Files/Pods-Open Weather/Pods-Open Weather.release.xcconfig"; sourceTree = "<group>"; };
		B1997BA1DF755F81BD08783D /* Pods-Open Weather.debug.xcconfig */ = {isa = PBXFileReference; includeInIndex = 1; lastKnownFileType = text.xcconfig; name = "Pods-Open Weather.debug.xcconfig"; path = "Target Support Files/Pods-Open Weather/Pods-Open Weather.debug.xcconfig"; sourceTree = "<group>"; };
		B41E18F5253627AB00B64D93 /* Open Weather.app */ = {isa = PBXFileReference; explicitFileType = wrapper.application; includeInIndex = 0; path = "Open Weather.app"; sourceTree = BUILT_PRODUCTS_DIR; };
		B41E18F8253627AB00B64D93 /* AppDelegate.swift */ = {isa = PBXFileReference; lastKnownFileType = sourcecode.swift; path = AppDelegate.swift; sourceTree = "<group>"; };
		B41E18FA253627AB00B64D93 /* SceneDelegate.swift */ = {isa = PBXFileReference; lastKnownFileType = sourcecode.swift; path = SceneDelegate.swift; sourceTree = "<group>"; };
		B41E18FC253627AB00B64D93 /* HomeViewController.swift */ = {isa = PBXFileReference; lastKnownFileType = sourcecode.swift; path = HomeViewController.swift; sourceTree = "<group>"; };
		B41E18FF253627AB00B64D93 /* Base */ = {isa = PBXFileReference; lastKnownFileType = file.storyboard; name = Base; path = Base.lproj/Main.storyboard; sourceTree = "<group>"; };
		B41E1901253627AE00B64D93 /* Assets.xcassets */ = {isa = PBXFileReference; lastKnownFileType = folder.assetcatalog; path = Assets.xcassets; sourceTree = "<group>"; };
		B41E1904253627AE00B64D93 /* Base */ = {isa = PBXFileReference; lastKnownFileType = file.storyboard; name = Base; path = Base.lproj/LaunchScreen.storyboard; sourceTree = "<group>"; };
		B41E1906253627AE00B64D93 /* Info.plist */ = {isa = PBXFileReference; lastKnownFileType = text.plist.xml; path = Info.plist; sourceTree = "<group>"; };
		B41E191125362AF900B64D93 /* WeatherData.swift */ = {isa = PBXFileReference; lastKnownFileType = sourcecode.swift; path = WeatherData.swift; sourceTree = "<group>"; };
		B41E191425362B1F00B64D93 /* WeatherError.swift */ = {isa = PBXFileReference; lastKnownFileType = sourcecode.swift; path = WeatherError.swift; sourceTree = "<group>"; };
		B41E191725362B4B00B64D93 /* WeatherAPI.swift */ = {isa = PBXFileReference; lastKnownFileType = sourcecode.swift; path = WeatherAPI.swift; sourceTree = "<group>"; };
		B41E191A25362BD100B64D93 /* Parsable.swift */ = {isa = PBXFileReference; lastKnownFileType = sourcecode.swift; path = Parsable.swift; sourceTree = "<group>"; };
		B41E191D25362BFE00B64D93 /* WeatherManager.swift */ = {isa = PBXFileReference; lastKnownFileType = sourcecode.swift; path = WeatherManager.swift; sourceTree = "<group>"; };
		B41E1923253632F300B64D93 /* WeatherManagerDelegate.swift */ = {isa = PBXFileReference; lastKnownFileType = sourcecode.swift; path = WeatherManagerDelegate.swift; sourceTree = "<group>"; };
		B41E192825363E2A00B64D93 /* SearchBarExtension.swift */ = {isa = PBXFileReference; lastKnownFileType = sourcecode.swift; path = SearchBarExtension.swift; sourceTree = "<group>"; };
		F549C289E249C498311F0B5B /* Pods_Open_Weather.framework */ = {isa = PBXFileReference; explicitFileType = wrapper.framework; includeInIndex = 0; path = Pods_Open_Weather.framework; sourceTree = BUILT_PRODUCTS_DIR; };
/* End PBXFileReference section */

/* Begin PBXFrameworksBuildPhase section */
		B41E18F2253627AB00B64D93 /* Frameworks */ = {
			isa = PBXFrameworksBuildPhase;
			buildActionMask = 2147483647;
			files = (
				4BFC97F46FAC99961D222EBA /* Pods_Open_Weather.framework in Frameworks */,
			);
			runOnlyForDeploymentPostprocessing = 0;
		};
/* End PBXFrameworksBuildPhase section */

/* Begin PBXGroup section */
		2E310D6BF2D27499BB19E0C5 /* Pods */ = {
			isa = PBXGroup;
			children = (
				B1997BA1DF755F81BD08783D /* Pods-Open Weather.debug.xcconfig */,
				24F5602F27A90FF2EA52EB7C /* Pods-Open Weather.release.xcconfig */,
			);
			name = Pods;
			path = Pods;
			sourceTree = "<group>";
		};
		B41E18EC253627AB00B64D93 = {
			isa = PBXGroup;
			children = (
				B41E18F7253627AB00B64D93 /* Open Weather */,
				B41E18F6253627AB00B64D93 /* Products */,
				2E310D6BF2D27499BB19E0C5 /* Pods */,
				DD2C5E9A814FEDD483AF66C7 /* Frameworks */,
			);
			sourceTree = "<group>";
		};
		B41E18F6253627AB00B64D93 /* Products */ = {
			isa = PBXGroup;
			children = (
				B41E18F5253627AB00B64D93 /* Open Weather.app */,
			);
			name = Products;
			sourceTree = "<group>";
		};
		B41E18F7253627AB00B64D93 /* Open Weather */ = {
			isa = PBXGroup;
			children = (
				B41E18F8253627AB00B64D93 /* AppDelegate.swift */,
				B41E18FA253627AB00B64D93 /* SceneDelegate.swift */,
				B41E191125362AF900B64D93 /* WeatherData.swift */,
				B41E191425362B1F00B64D93 /* WeatherError.swift */,
				B41E191725362B4B00B64D93 /* WeatherAPI.swift */,
				B41E191A25362BD100B64D93 /* Parsable.swift */,
				B41E1923253632F300B64D93 /* WeatherManagerDelegate.swift */,
				B41E191D25362BFE00B64D93 /* WeatherManager.swift */,
				B41E192825363E2A00B64D93 /* SearchBarExtension.swift */,
				B41E18FC253627AB00B64D93 /* HomeViewController.swift */,
				B41E18FE253627AB00B64D93 /* Main.storyboard */,
				B41E1901253627AE00B64D93 /* Assets.xcassets */,
				B41E1903253627AE00B64D93 /* LaunchScreen.storyboard */,
				B41E1906253627AE00B64D93 /* Info.plist */,
			);
			path = "Open Weather";
			sourceTree = "<group>";
		};
		DD2C5E9A814FEDD483AF66C7 /* Frameworks */ = {
			isa = PBXGroup;
			children = (
				F549C289E249C498311F0B5B /* Pods_Open_Weather.framework */,
			);
			name = Frameworks;
			sourceTree = "<group>";
		};
/* End PBXGroup section */

/* Begin PBXNativeTarget section */
		B41E18F4253627AB00B64D93 /* Open Weather */ = {
			isa = PBXNativeTarget;
			buildConfigurationList = B41E1909253627AE00B64D93 /* Build configuration list for PBXNativeTarget "Open Weather" */;
			buildPhases = (
				B75F0929A3D9DA90856A4686 /* [CP] Check Pods Manifest.lock */,
				B41E18F1253627AB00B64D93 /* Sources */,
				B41E18F2253627AB00B64D93 /* Frameworks */,
				B41E18F3253627AB00B64D93 /* Resources */,
				60B22FAA1D2C26F36B03B38F /* [CP] Embed Pods Frameworks */,
			);
			buildRules = (
			);
			dependencies = (
			);
			name = "Open Weather";
			productName = "Open Weather";
			productReference = B41E18F5253627AB00B64D93 /* Open Weather.app */;
			productType = "com.apple.product-type.application";
		};
/* End PBXNativeTarget section */

/* Begin PBXProject section */
		B41E18ED253627AB00B64D93 /* Project object */ = {
			isa = PBXProject;
			attributes = {
				LastSwiftUpdateCheck = 1200;
				LastUpgradeCheck = 1200;
				TargetAttributes = {
					B41E18F4253627AB00B64D93 = {
						CreatedOnToolsVersion = 12.0.1;
					};
				};
			};
			buildConfigurationList = B41E18F0253627AB00B64D93 /* Build configuration list for PBXProject "Open Weather" */;
			compatibilityVersion = "Xcode 9.3";
			developmentRegion = en;
			hasScannedForEncodings = 0;
			knownRegions = (
				en,
				Base,
			);
			mainGroup = B41E18EC253627AB00B64D93;
			productRefGroup = B41E18F6253627AB00B64D93 /* Products */;
			projectDirPath = "";
			projectRoot = "";
			targets = (
				B41E18F4253627AB00B64D93 /* Open Weather */,
			);
		};
/* End PBXProject section */

/* Begin PBXResourcesBuildPhase section */
		B41E18F3253627AB00B64D93 /* Resources */ = {
			isa = PBXResourcesBuildPhase;
			buildActionMask = 2147483647;
			files = (
				B41E1905253627AE00B64D93 /* LaunchScreen.storyboard in Resources */,
				B41E1902253627AE00B64D93 /* Assets.xcassets in Resources */,
				B41E1900253627AB00B64D93 /* Main.storyboard in Resources */,
			);
			runOnlyForDeploymentPostprocessing = 0;
		};
/* End PBXResourcesBuildPhase section */

/* Begin PBXShellScriptBuildPhase section */
		60B22FAA1D2C26F36B03B38F /* [CP] Embed Pods Frameworks */ = {
			isa = PBXShellScriptBuildPhase;
			buildActionMask = 2147483647;
			files = (
			);
			inputFileListPaths = (
				"${PODS_ROOT}/Target Support Files/Pods-Open Weather/Pods-Open Weather-frameworks-${CONFIGURATION}-input-files.xcfilelist",
			);
			name = "[CP] Embed Pods Frameworks";
			outputFileListPaths = (
				"${PODS_ROOT}/Target Support Files/Pods-Open Weather/Pods-Open Weather-frameworks-${CONFIGURATION}-output-files.xcfilelist",
			);
			runOnlyForDeploymentPostprocessing = 0;
			shellPath = /bin/sh;
			shellScript = "\"${PODS_ROOT}/Target Support Files/Pods-Open Weather/Pods-Open Weather-frameworks.sh\"\n";
			showEnvVarsInLog = 0;
		};
		B75F0929A3D9DA90856A4686 /* [CP] Check Pods Manifest.lock */ = {
			isa = PBXShellScriptBuildPhase;
			buildActionMask = 2147483647;
			files = (
			);
			inputFileListPaths = (
			);
			inputPaths = (
				"${PODS_PODFILE_DIR_PATH}/Podfile.lock",
				"${PODS_ROOT}/Manifest.lock",
			);
			name = "[CP] Check Pods Manifest.lock";
			outputFileListPaths = (
			);
			outputPaths = (
				"$(DERIVED_FILE_DIR)/Pods-Open Weather-checkManifestLockResult.txt",
			);
			runOnlyForDeploymentPostprocessing = 0;
			shellPath = /bin/sh;
			shellScript = "diff \"${PODS_PODFILE_DIR_PATH}/Podfile.lock\" \"${PODS_ROOT}/Manifest.lock\" > /dev/null\nif [ $? != 0 ] ; then\n    # print error to STDERR\n    echo \"error: The sandbox is not in sync with the Podfile.lock. Run 'pod install' or update your CocoaPods installation.\" >&2\n    exit 1\nfi\n# This output is used by Xcode 'outputs' to avoid re-running this script phase.\necho \"SUCCESS\" > \"${SCRIPT_OUTPUT_FILE_0}\"\n";
			showEnvVarsInLog = 0;
		};
/* End PBXShellScriptBuildPhase section */

/* Begin PBXSourcesBuildPhase section */
		B41E18F1253627AB00B64D93 /* Sources */ = {
			isa = PBXSourcesBuildPhase;
			buildActionMask = 2147483647;
			files = (
				B41E191525362B1F00B64D93 /* WeatherError.swift in Sources */,
				B41E192925363E2A00B64D93 /* SearchBarExtension.swift in Sources */,
				B41E18FD253627AB00B64D93 /* HomeViewController.swift in Sources */,
				B41E191E25362BFE00B64D93 /* WeatherManager.swift in Sources */,
				B41E1924253632F300B64D93 /* WeatherManagerDelegate.swift in Sources */,
				B41E18F9253627AB00B64D93 /* AppDelegate.swift in Sources */,
				B41E191825362B4B00B64D93 /* WeatherAPI.swift in Sources */,
				B41E191B25362BD100B64D93 /* Parsable.swift in Sources */,
				B41E191225362AF900B64D93 /* WeatherData.swift in Sources */,
				B41E18FB253627AB00B64D93 /* SceneDelegate.swift in Sources */,
			);
			runOnlyForDeploymentPostprocessing = 0;
		};
/* End PBXSourcesBuildPhase section */

/* Begin PBXVariantGroup section */
		B41E18FE253627AB00B64D93 /* Main.storyboard */ = {
			isa = PBXVariantGroup;
			children = (
				B41E18FF253627AB00B64D93 /* Base */,
			);
			name = Main.storyboard;
			sourceTree = "<group>";
		};
		B41E1903253627AE00B64D93 /* LaunchScreen.storyboard */ = {
			isa = PBXVariantGroup;
			children = (
				B41E1904253627AE00B64D93 /* Base */,
			);
			name = LaunchScreen.storyboard;
			sourceTree = "<group>";
		};
/* End PBXVariantGroup section */

/* Begin XCBuildConfiguration section */
		B41E1907253627AE00B64D93 /* Debug */ = {
			isa = XCBuildConfiguration;
			buildSettings = {
				ALWAYS_SEARCH_USER_PATHS = NO;
				CLANG_ANALYZER_NONNULL = YES;
				CLANG_ANALYZER_NUMBER_OBJECT_CONVERSION = YES_AGGRESSIVE;
				CLANG_CXX_LANGUAGE_STANDARD = "gnu++14";
				CLANG_CXX_LIBRARY = "libc++";
				CLANG_ENABLE_MODULES = YES;
				CLANG_ENABLE_OBJC_ARC = YES;
				CLANG_ENABLE_OBJC_WEAK = YES;
				CLANG_WARN_BLOCK_CAPTURE_AUTORELEASING = YES;
				CLANG_WARN_BOOL_CONVERSION = YES;
				CLANG_WARN_COMMA = YES;
				CLANG_WARN_CONSTANT_CONVERSION = YES;
				CLANG_WARN_DEPRECATED_OBJC_IMPLEMENTATIONS = YES;
				CLANG_WARN_DIRECT_OBJC_ISA_USAGE = YES_ERROR;
				CLANG_WARN_DOCUMENTATION_COMMENTS = YES;
				CLANG_WARN_EMPTY_BODY = YES;
				CLANG_WARN_ENUM_CONVERSION = YES;
				CLANG_WARN_INFINITE_RECURSION = YES;
				CLANG_WARN_INT_CONVERSION = YES;
				CLANG_WARN_NON_LITERAL_NULL_CONVERSION = YES;
				CLANG_WARN_OBJC_IMPLICIT_RETAIN_SELF = YES;
				CLANG_WARN_OBJC_LITERAL_CONVERSION = YES;
				CLANG_WARN_OBJC_ROOT_CLASS = YES_ERROR;
				CLANG_WARN_QUOTED_INCLUDE_IN_FRAMEWORK_HEADER = YES;
				CLANG_WARN_RANGE_LOOP_ANALYSIS = YES;
				CLANG_WARN_STRICT_PROTOTYPES = YES;
				CLANG_WARN_SUSPICIOUS_MOVE = YES;
				CLANG_WARN_UNGUARDED_AVAILABILITY = YES_AGGRESSIVE;
				CLANG_WARN_UNREACHABLE_CODE = YES;
				CLANG_WARN__DUPLICATE_METHOD_MATCH = YES;
				COPY_PHASE_STRIP = NO;
				DEBUG_INFORMATION_FORMAT = dwarf;
				ENABLE_STRICT_OBJC_MSGSEND = YES;
				ENABLE_TESTABILITY = YES;
				GCC_C_LANGUAGE_STANDARD = gnu11;
				GCC_DYNAMIC_NO_PIC = NO;
				GCC_NO_COMMON_BLOCKS = YES;
				GCC_OPTIMIZATION_LEVEL = 0;
				GCC_PREPROCESSOR_DEFINITIONS = (
					"DEBUG=1",
					"$(inherited)",
				);
				GCC_WARN_64_TO_32_BIT_CONVERSION = YES;
				GCC_WARN_ABOUT_RETURN_TYPE = YES_ERROR;
				GCC_WARN_UNDECLARED_SELECTOR = YES;
				GCC_WARN_UNINITIALIZED_AUTOS = YES_AGGRESSIVE;
				GCC_WARN_UNUSED_FUNCTION = YES;
				GCC_WARN_UNUSED_VARIABLE = YES;
				IPHONEOS_DEPLOYMENT_TARGET = 14.0;
				MTL_ENABLE_DEBUG_INFO = INCLUDE_SOURCE;
				MTL_FAST_MATH = YES;
				ONLY_ACTIVE_ARCH = YES;
				SDKROOT = iphoneos;
				SWIFT_ACTIVE_COMPILATION_CONDITIONS = DEBUG;
				SWIFT_OPTIMIZATION_LEVEL = "-Onone";
			};
			name = Debug;
		};
		B41E1908253627AE00B64D93 /* Release */ = {
			isa = XCBuildConfiguration;
			buildSettings = {
				ALWAYS_SEARCH_USER_PATHS = NO;
				CLANG_ANALYZER_NONNULL = YES;
				CLANG_ANALYZER_NUMBER_OBJECT_CONVERSION = YES_AGGRESSIVE;
				CLANG_CXX_LANGUAGE_STANDARD = "gnu++14";
				CLANG_CXX_LIBRARY = "libc++";
				CLANG_ENABLE_MODULES = YES;
				CLANG_ENABLE_OBJC_ARC = YES;
				CLANG_ENABLE_OBJC_WEAK = YES;
				CLANG_WARN_BLOCK_CAPTURE_AUTORELEASING = YES;
				CLANG_WARN_BOOL_CONVERSION = YES;
				CLANG_WARN_COMMA = YES;
				CLANG_WARN_CONSTANT_CONVERSION = YES;
				CLANG_WARN_DEPRECATED_OBJC_IMPLEMENTATIONS = YES;
				CLANG_WARN_DIRECT_OBJC_ISA_USAGE = YES_ERROR;
				CLANG_WARN_DOCUMENTATION_COMMENTS = YES;
				CLANG_WARN_EMPTY_BODY = YES;
				CLANG_WARN_ENUM_CONVERSION = YES;
				CLANG_WARN_INFINITE_RECURSION = YES;
				CLANG_WARN_INT_CONVERSION = YES;
				CLANG_WARN_NON_LITERAL_NULL_CONVERSION = YES;
				CLANG_WARN_OBJC_IMPLICIT_RETAIN_SELF = YES;
				CLANG_WARN_OBJC_LITERAL_CONVERSION = YES;
				CLANG_WARN_OBJC_ROOT_CLASS = YES_ERROR;
				CLANG_WARN_QUOTED_INCLUDE_IN_FRAMEWORK_HEADER = YES;
				CLANG_WARN_RANGE_LOOP_ANALYSIS = YES;
				CLANG_WARN_STRICT_PROTOTYPES = YES;
				CLANG_WARN_SUSPICIOUS_MOVE = YES;
				CLANG_WARN_UNGUARDED_AVAILABILITY = YES_AGGRESSIVE;
				CLANG_WARN_UNREACHABLE_CODE = YES;
				CLANG_WARN__DUPLICATE_METHOD_MATCH = YES;
				COPY_PHASE_STRIP = NO;
				DEBUG_INFORMATION_FORMAT = "dwarf-with-dsym";
				ENABLE_NS_ASSERTIONS = NO;
				ENABLE_STRICT_OBJC_MSGSEND = YES;
				GCC_C_LANGUAGE_STANDARD = gnu11;
				GCC_NO_COMMON_BLOCKS = YES;
				GCC_WARN_64_TO_32_BIT_CONVERSION = YES;
				GCC_WARN_ABOUT_RETURN_TYPE = YES_ERROR;
				GCC_WARN_UNDECLARED_SELECTOR = YES;
				GCC_WARN_UNINITIALIZED_AUTOS = YES_AGGRESSIVE;
				GCC_WARN_UNUSED_FUNCTION = YES;
				GCC_WARN_UNUSED_VARIABLE = YES;
				IPHONEOS_DEPLOYMENT_TARGET = 14.0;
				MTL_ENABLE_DEBUG_INFO = NO;
				MTL_FAST_MATH = YES;
				SDKROOT = iphoneos;
				SWIFT_COMPILATION_MODE = wholemodule;
				SWIFT_OPTIMIZATION_LEVEL = "-O";
				VALIDATE_PRODUCT = YES;
			};
			name = Release;
		};
		B41E190A253627AE00B64D93 /* Debug */ = {
			isa = XCBuildConfiguration;
			baseConfigurationReference = B1997BA1DF755F81BD08783D /* Pods-Open Weather.debug.xcconfig */;
			buildSettings = {
				ASSETCATALOG_COMPILER_APPICON_NAME = AppIcon;
				ASSETCATALOG_COMPILER_GLOBAL_ACCENT_COLOR_NAME = AccentColor;
				CODE_SIGN_STYLE = Automatic;
				DEVELOPMENT_TEAM = 4YZDJM5F99;
				INFOPLIST_FILE = "Open Weather/Info.plist";
				LD_RUNPATH_SEARCH_PATHS = (
					"$(inherited)",
					"@executable_path/Frameworks",
				);
				PRODUCT_BUNDLE_IDENTIFIER = "com.nishanttaneja.ios-apps.Open-Weather";
				PRODUCT_NAME = "$(TARGET_NAME)";
				SWIFT_VERSION = 5.0;
				TARGETED_DEVICE_FAMILY = 1;
			};
			name = Debug;
		};
		B41E190B253627AE00B64D93 /* Release */ = {
			isa = XCBuildConfiguration;
			baseConfigurationReference = 24F5602F27A90FF2EA52EB7C /* Pods-Open Weather.release.xcconfig */;
			buildSettings = {
				ASSETCATALOG_COMPILER_APPICON_NAME = AppIcon;
				ASSETCATALOG_COMPILER_GLOBAL_ACCENT_COLOR_NAME = AccentColor;
				CODE_SIGN_STYLE = Automatic;
				DEVELOPMENT_TEAM = 4YZDJM5F99;
				INFOPLIST_FILE = "Open Weather/Info.plist";
				LD_RUNPATH_SEARCH_PATHS = (
					"$(inherited)",
					"@executable_path/Frameworks",
				);
				PRODUCT_BUNDLE_IDENTIFIER = "com.nishanttaneja.ios-apps.Open-Weather";
				PRODUCT_NAME = "$(TARGET_NAME)";
				SWIFT_VERSION = 5.0;
				TARGETED_DEVICE_FAMILY = 1;
			};
			name = Release;
		};
/* End XCBuildConfiguration section */

/* Begin XCConfigurationList section */
		B41E18F0253627AB00B64D93 /* Build configuration list for PBXProject "Open Weather" */ = {
			isa = XCConfigurationList;
			buildConfigurations = (
				B41E1907253627AE00B64D93 /* Debug */,
				B41E1908253627AE00B64D93 /* Release */,
			);
			defaultConfigurationIsVisible = 0;
			defaultConfigurationName = Release;
		};
		B41E1909253627AE00B64D93 /* Build configuration list for PBXNativeTarget "Open Weather" */ = {
			isa = XCConfigurationList;
			buildConfigurations = (
				B41E190A253627AE00B64D93 /* Debug */,
				B41E190B253627AE00B64D93 /* Release */,
			);
			defaultConfigurationIsVisible = 0;
			defaultConfigurationName = Release;
		};
/* End XCConfigurationList section */
	};
	rootObject = B41E18ED253627AB00B64D93 /* Project object */;
}
